// !$*UTF8*$!
{
	archiveVersion = 1;
	classes = {
	};
	objectVersion = 46;
	objects = {

/* Begin PBXBuildFile section */
		7D53DE661A70A0C500DAD07B /* GCDWebServerFileStreamResponse.m in Sources */ = {isa = PBXBuildFile; fileRef = 7D53DE641A70A0C500DAD07B /* GCDWebServerFileStreamResponse.m */; };
		7D53DE6A1A70A9DF00DAD07B /* TTImageUtilities.m in Sources */ = {isa = PBXBuildFile; fileRef = 7D53DE691A70A9DF00DAD07B /* TTImageUtilities.m */; };
		7D53DE851A724A7200DAD07B /* AFHTTPRequestOperation.m in Sources */ = {isa = PBXBuildFile; fileRef = 7D53DE731A724A7200DAD07B /* AFHTTPRequestOperation.m */; };
		7D53DE861A724A7200DAD07B /* AFHTTPRequestOperationManager.m in Sources */ = {isa = PBXBuildFile; fileRef = 7D53DE751A724A7200DAD07B /* AFHTTPRequestOperationManager.m */; };
		7D53DE871A724A7200DAD07B /* AFHTTPSessionManager.m in Sources */ = {isa = PBXBuildFile; fileRef = 7D53DE771A724A7200DAD07B /* AFHTTPSessionManager.m */; };
		7D53DE881A724A7200DAD07B /* AFNetworkReachabilityManager.m in Sources */ = {isa = PBXBuildFile; fileRef = 7D53DE7A1A724A7200DAD07B /* AFNetworkReachabilityManager.m */; };
		7D53DE891A724A7200DAD07B /* AFSecurityPolicy.m in Sources */ = {isa = PBXBuildFile; fileRef = 7D53DE7C1A724A7200DAD07B /* AFSecurityPolicy.m */; };
		7D53DE8A1A724A7200DAD07B /* AFURLConnectionOperation.m in Sources */ = {isa = PBXBuildFile; fileRef = 7D53DE7E1A724A7200DAD07B /* AFURLConnectionOperation.m */; };
		7D53DE8B1A724A7200DAD07B /* AFURLRequestSerialization.m in Sources */ = {isa = PBXBuildFile; fileRef = 7D53DE801A724A7200DAD07B /* AFURLRequestSerialization.m */; };
		7D53DE8C1A724A7200DAD07B /* AFURLResponseSerialization.m in Sources */ = {isa = PBXBuildFile; fileRef = 7D53DE821A724A7200DAD07B /* AFURLResponseSerialization.m */; };
		7D53DE8D1A724A7200DAD07B /* AFURLSessionManager.m in Sources */ = {isa = PBXBuildFile; fileRef = 7D53DE841A724A7200DAD07B /* AFURLSessionManager.m */; };
		7DCA833C1A7F86DC00935B12 /* UIImage+Resize.m in Sources */ = {isa = PBXBuildFile; fileRef = 7DCA833A1A7F86DC00935B12 /* UIImage+Resize.m */; };
		7DCA83421A80A3B800935B12 /* IPServiceListCell.m in Sources */ = {isa = PBXBuildFile; fileRef = 7DCA83411A80A3B800935B12 /* IPServiceListCell.m */; };
		7DCA83451A80A51600935B12 /* IPServiceListVC.m in Sources */ = {isa = PBXBuildFile; fileRef = 7DCA83441A80A51600935B12 /* IPServiceListVC.m */; };
		7DCA834C1A80AAEE00935B12 /* UIViewController+Visible.m in Sources */ = {isa = PBXBuildFile; fileRef = 7DCA834A1A80AAEE00935B12 /* UIViewController+Visible.m */; };
		7DCA834F1A80B37600935B12 /* NSNetService+ParseAddress.m in Sources */ = {isa = PBXBuildFile; fileRef = 7DCA834E1A80B37600935B12 /* NSNetService+ParseAddress.m */; };
		7DF725D71A6F8CA000696A26 /* main.m in Sources */ = {isa = PBXBuildFile; fileRef = 7DF725D61A6F8CA000696A26 /* main.m */; };
		7DF725DA1A6F8CA000696A26 /* AppDelegate.m in Sources */ = {isa = PBXBuildFile; fileRef = 7DF725D91A6F8CA000696A26 /* AppDelegate.m */; };
		7DF725E01A6F8CA000696A26 /* Main.storyboard in Resources */ = {isa = PBXBuildFile; fileRef = 7DF725DE1A6F8CA000696A26 /* Main.storyboard */; };
		7DF725E21A6F8CA000696A26 /* Images.xcassets in Resources */ = {isa = PBXBuildFile; fileRef = 7DF725E11A6F8CA000696A26 /* Images.xcassets */; };
		7DF726011A6F8DD400696A26 /* MovieRecorder.m in Sources */ = {isa = PBXBuildFile; fileRef = 7DF725FE1A6F8DD400696A26 /* MovieRecorder.m */; };
		7DF726021A6F8DD400696A26 /* RosyWriterCapturePipeline.m in Sources */ = {isa = PBXBuildFile; fileRef = 7DF726001A6F8DD400696A26 /* RosyWriterCapturePipeline.m */; };
		7DF7263A1A6F8E2B00696A26 /* AutoLocalize.m in Sources */ = {isa = PBXBuildFile; fileRef = 7DF726061A6F8E2B00696A26 /* AutoLocalize.m */; };
		7DF7263B1A6F8E2B00696A26 /* DDAbstractDatabaseLogger.m in Sources */ = {isa = PBXBuildFile; fileRef = 7DF7260D1A6F8E2B00696A26 /* DDAbstractDatabaseLogger.m */; };
		7DF7263C1A6F8E2B00696A26 /* DDASLLogCapture.m in Sources */ = {isa = PBXBuildFile; fileRef = 7DF7260F1A6F8E2B00696A26 /* DDASLLogCapture.m */; };
		7DF7263D1A6F8E2B00696A26 /* DDASLLogger.m in Sources */ = {isa = PBXBuildFile; fileRef = 7DF726111A6F8E2B00696A26 /* DDASLLogger.m */; };
		7DF7263E1A6F8E2B00696A26 /* DDFileLogger.m in Sources */ = {isa = PBXBuildFile; fileRef = 7DF726141A6F8E2B00696A26 /* DDFileLogger.m */; };
		7DF7263F1A6F8E2B00696A26 /* DDLog.m in Sources */ = {isa = PBXBuildFile; fileRef = 7DF726171A6F8E2B00696A26 /* DDLog.m */; };
		7DF726401A6F8E2B00696A26 /* DDTTYLogger.m in Sources */ = {isa = PBXBuildFile; fileRef = 7DF7261A1A6F8E2B00696A26 /* DDTTYLogger.m */; };
		7DF726411A6F8E2B00696A26 /* DDContextFilterLogFormatter.m in Sources */ = {isa = PBXBuildFile; fileRef = 7DF7261D1A6F8E2B00696A26 /* DDContextFilterLogFormatter.m */; };
		7DF726421A6F8E2B00696A26 /* DDDispatchQueueLogFormatter.m in Sources */ = {isa = PBXBuildFile; fileRef = 7DF7261F1A6F8E2B00696A26 /* DDDispatchQueueLogFormatter.m */; };
		7DF726431A6F8E2B00696A26 /* DDMultiFormatter.m in Sources */ = {isa = PBXBuildFile; fileRef = 7DF726211A6F8E2B00696A26 /* DDMultiFormatter.m */; };
		7DF726441A6F8E2B00696A26 /* NSThread+SequenceNumber.m in Sources */ = {isa = PBXBuildFile; fileRef = 7DF726231A6F8E2B00696A26 /* NSThread+SequenceNumber.m */; };
		7DF726451A6F8E2B00696A26 /* KPLog.m in Sources */ = {isa = PBXBuildFile; fileRef = 7DF726251A6F8E2B00696A26 /* KPLog.m */; };
		7DF726461A6F8E2B00696A26 /* KPLogFormatter.m in Sources */ = {isa = PBXBuildFile; fileRef = 7DF726271A6F8E2B00696A26 /* KPLogFormatter.m */; };
		7DF726471A6F8E2B00696A26 /* MBProgressHUD.m in Sources */ = {isa = PBXBuildFile; fileRef = 7DF7262A1A6F8E2B00696A26 /* MBProgressHUD.m */; };
		7DF726481A6F8E2B00696A26 /* NSMutableArray+Queue.m in Sources */ = {isa = PBXBuildFile; fileRef = 7DF7262C1A6F8E2B00696A26 /* NSMutableArray+Queue.m */; };
		7DF726491A6F8E2B00696A26 /* NSMutableArray+Stack.m in Sources */ = {isa = PBXBuildFile; fileRef = 7DF7262E1A6F8E2B00696A26 /* NSMutableArray+Stack.m */; };
		7DF7264A1A6F8E2B00696A26 /* NSOperationQueue+GlobalQueue.m in Sources */ = {isa = PBXBuildFile; fileRef = 7DF726301A6F8E2B00696A26 /* NSOperationQueue+GlobalQueue.m */; };
		7DF7264C1A6F8E2B00696A26 /* TTEasyReleasePool.m in Sources */ = {isa = PBXBuildFile; fileRef = 7DF726371A6F8E2B00696A26 /* TTEasyReleasePool.m */; };
		7DF7264D1A6F8E2B00696A26 /* UIView+UserData.m in Sources */ = {isa = PBXBuildFile; fileRef = 7DF726391A6F8E2B00696A26 /* UIView+UserData.m */; };
		7DF726511A6F940100696A26 /* IPMainVC.m in Sources */ = {isa = PBXBuildFile; fileRef = 7DF726501A6F940100696A26 /* IPMainVC.m */; };
		7DF726541A6F948F00696A26 /* IPRemoteControlVC.m in Sources */ = {isa = PBXBuildFile; fileRef = 7DF726531A6F948F00696A26 /* IPRemoteControlVC.m */; };
		7DF726571A6F94AA00696A26 /* IPServiceHostVC.m in Sources */ = {isa = PBXBuildFile; fileRef = 7DF726561A6F94AA00696A26 /* IPServiceHostVC.m */; };
		7DF726961A6FC68900696A26 /* GCDWebServer.m in Sources */ = {isa = PBXBuildFile; fileRef = 7DF726791A6FC68900696A26 /* GCDWebServer.m */; };
		7DF726971A6FC68900696A26 /* GCDWebServerConnection.m in Sources */ = {isa = PBXBuildFile; fileRef = 7DF7267B1A6FC68900696A26 /* GCDWebServerConnection.m */; };
		7DF726981A6FC68900696A26 /* GCDWebServerFunctions.m in Sources */ = {isa = PBXBuildFile; fileRef = 7DF7267D1A6FC68900696A26 /* GCDWebServerFunctions.m */; };
		7DF726991A6FC68900696A26 /* GCDWebServerRequest.m in Sources */ = {isa = PBXBuildFile; fileRef = 7DF726811A6FC68900696A26 /* GCDWebServerRequest.m */; };
		7DF7269A1A6FC68900696A26 /* GCDWebServerResponse.m in Sources */ = {isa = PBXBuildFile; fileRef = 7DF726831A6FC68900696A26 /* GCDWebServerResponse.m */; };
		7DF7269B1A6FC68900696A26 /* GCDWebServerDataRequest.m in Sources */ = {isa = PBXBuildFile; fileRef = 7DF726861A6FC68900696A26 /* GCDWebServerDataRequest.m */; };
		7DF7269C1A6FC68900696A26 /* GCDWebServerFileRequest.m in Sources */ = {isa = PBXBuildFile; fileRef = 7DF726881A6FC68900696A26 /* GCDWebServerFileRequest.m */; };
		7DF7269D1A6FC68900696A26 /* GCDWebServerMultiPartFormRequest.m in Sources */ = {isa = PBXBuildFile; fileRef = 7DF7268A1A6FC68900696A26 /* GCDWebServerMultiPartFormRequest.m */; };
		7DF7269E1A6FC68900696A26 /* GCDWebServerURLEncodedFormRequest.m in Sources */ = {isa = PBXBuildFile; fileRef = 7DF7268C1A6FC68900696A26 /* GCDWebServerURLEncodedFormRequest.m */; };
		7DF7269F1A6FC68900696A26 /* GCDWebServerDataResponse.m in Sources */ = {isa = PBXBuildFile; fileRef = 7DF7268F1A6FC68900696A26 /* GCDWebServerDataResponse.m */; };
		7DF726A01A6FC68900696A26 /* GCDWebServerErrorResponse.m in Sources */ = {isa = PBXBuildFile; fileRef = 7DF726911A6FC68900696A26 /* GCDWebServerErrorResponse.m */; };
		7DF726A11A6FC68900696A26 /* GCDWebServerFileResponse.m in Sources */ = {isa = PBXBuildFile; fileRef = 7DF726931A6FC68900696A26 /* GCDWebServerFileResponse.m */; };
		7DF726A21A6FC68900696A26 /* GCDWebServerStreamedResponse.m in Sources */ = {isa = PBXBuildFile; fileRef = 7DF726951A6FC68900696A26 /* GCDWebServerStreamedResponse.m */; };
		7DF726A61A6FC6C400696A26 /* IPCaptureService.m in Sources */ = {isa = PBXBuildFile; fileRef = 7DF726A51A6FC6C400696A26 /* IPCaptureService.m */; };
		7DFA72921AA9542F00488409 /* MBSliderView.m in Sources */ = {isa = PBXBuildFile; fileRef = 7DFA72911AA9542F00488409 /* MBSliderView.m */; };
		7DFA72951AA9920B00488409 /* IPLockVC.m in Sources */ = {isa = PBXBuildFile; fileRef = 7DFA72941AA9920B00488409 /* IPLockVC.m */; };
		E8554CA91FDE2EC80061851C /* IPHelper.m in Sources */ = {isa = PBXBuildFile; fileRef = E8554CA81FDE2EC80061851C /* IPHelper.m */; };
		E8696D4C1FDEB5B20053AB25 /* PHAsset+Utility.m in Sources */ = {isa = PBXBuildFile; fileRef = E8696D4B1FDEB5B10053AB25 /* PHAsset+Utility.m */; };
/* End PBXBuildFile section */

/* Begin PBXFileReference section */
		7D53DE601A6FE7C000DAD07B /* IPCaptureDataDef.h */ = {isa = PBXFileReference; lastKnownFileType = sourcecode.c.h; path = IPCaptureDataDef.h; sourceTree = "<group>"; };
		7D53DE641A70A0C500DAD07B /* GCDWebServerFileStreamResponse.m */ = {isa = PBXFileReference; fileEncoding = 4; lastKnownFileType = sourcecode.c.objc; path = GCDWebServerFileStreamResponse.m; sourceTree = "<group>"; };
		7D53DE651A70A0C500DAD07B /* GCDWebServerFileStreamResponse.h */ = {isa = PBXFileReference; fileEncoding = 4; lastKnownFileType = sourcecode.c.h; path = GCDWebServerFileStreamResponse.h; sourceTree = "<group>"; };
		7D53DE681A70A9DF00DAD07B /* TTImageUtilities.h */ = {isa = PBXFileReference; fileEncoding = 4; lastKnownFileType = sourcecode.c.h; path = TTImageUtilities.h; sourceTree = "<group>"; };
		7D53DE691A70A9DF00DAD07B /* TTImageUtilities.m */ = {isa = PBXFileReference; fileEncoding = 4; lastKnownFileType = sourcecode.c.objc; path = TTImageUtilities.m; sourceTree = "<group>"; };
		7D53DE721A724A7200DAD07B /* AFHTTPRequestOperation.h */ = {isa = PBXFileReference; fileEncoding = 4; lastKnownFileType = sourcecode.c.h; path = AFHTTPRequestOperation.h; sourceTree = "<group>"; };
		7D53DE731A724A7200DAD07B /* AFHTTPRequestOperation.m */ = {isa = PBXFileReference; fileEncoding = 4; lastKnownFileType = sourcecode.c.objc; path = AFHTTPRequestOperation.m; sourceTree = "<group>"; };
		7D53DE741A724A7200DAD07B /* AFHTTPRequestOperationManager.h */ = {isa = PBXFileReference; fileEncoding = 4; lastKnownFileType = sourcecode.c.h; path = AFHTTPRequestOperationManager.h; sourceTree = "<group>"; };
		7D53DE751A724A7200DAD07B /* AFHTTPRequestOperationManager.m */ = {isa = PBXFileReference; fileEncoding = 4; lastKnownFileType = sourcecode.c.objc; path = AFHTTPRequestOperationManager.m; sourceTree = "<group>"; };
		7D53DE761A724A7200DAD07B /* AFHTTPSessionManager.h */ = {isa = PBXFileReference; fileEncoding = 4; lastKnownFileType = sourcecode.c.h; path = AFHTTPSessionManager.h; sourceTree = "<group>"; };
		7D53DE771A724A7200DAD07B /* AFHTTPSessionManager.m */ = {isa = PBXFileReference; fileEncoding = 4; lastKnownFileType = sourcecode.c.objc; path = AFHTTPSessionManager.m; sourceTree = "<group>"; };
		7D53DE781A724A7200DAD07B /* AFNetworking.h */ = {isa = PBXFileReference; fileEncoding = 4; lastKnownFileType = sourcecode.c.h; path = AFNetworking.h; sourceTree = "<group>"; };
		7D53DE791A724A7200DAD07B /* AFNetworkReachabilityManager.h */ = {isa = PBXFileReference; fileEncoding = 4; lastKnownFileType = sourcecode.c.h; path = AFNetworkReachabilityManager.h; sourceTree = "<group>"; };
		7D53DE7A1A724A7200DAD07B /* AFNetworkReachabilityManager.m */ = {isa = PBXFileReference; fileEncoding = 4; lastKnownFileType = sourcecode.c.objc; path = AFNetworkReachabilityManager.m; sourceTree = "<group>"; };
		7D53DE7B1A724A7200DAD07B /* AFSecurityPolicy.h */ = {isa = PBXFileReference; fileEncoding = 4; lastKnownFileType = sourcecode.c.h; path = AFSecurityPolicy.h; sourceTree = "<group>"; };
		7D53DE7C1A724A7200DAD07B /* AFSecurityPolicy.m */ = {isa = PBXFileReference; fileEncoding = 4; lastKnownFileType = sourcecode.c.objc; path = AFSecurityPolicy.m; sourceTree = "<group>"; };
		7D53DE7D1A724A7200DAD07B /* AFURLConnectionOperation.h */ = {isa = PBXFileReference; fileEncoding = 4; lastKnownFileType = sourcecode.c.h; path = AFURLConnectionOperation.h; sourceTree = "<group>"; };
		7D53DE7E1A724A7200DAD07B /* AFURLConnectionOperation.m */ = {isa = PBXFileReference; fileEncoding = 4; lastKnownFileType = sourcecode.c.objc; path = AFURLConnectionOperation.m; sourceTree = "<group>"; };
		7D53DE7F1A724A7200DAD07B /* AFURLRequestSerialization.h */ = {isa = PBXFileReference; fileEncoding = 4; lastKnownFileType = sourcecode.c.h; path = AFURLRequestSerialization.h; sourceTree = "<group>"; };
		7D53DE801A724A7200DAD07B /* AFURLRequestSerialization.m */ = {isa = PBXFileReference; fileEncoding = 4; lastKnownFileType = sourcecode.c.objc; path = AFURLRequestSerialization.m; sourceTree = "<group>"; };
		7D53DE811A724A7200DAD07B /* AFURLResponseSerialization.h */ = {isa = PBXFileReference; fileEncoding = 4; lastKnownFileType = sourcecode.c.h; path = AFURLResponseSerialization.h; sourceTree = "<group>"; };
		7D53DE821A724A7200DAD07B /* AFURLResponseSerialization.m */ = {isa = PBXFileReference; fileEncoding = 4; lastKnownFileType = sourcecode.c.objc; path = AFURLResponseSerialization.m; sourceTree = "<group>"; };
		7D53DE831A724A7200DAD07B /* AFURLSessionManager.h */ = {isa = PBXFileReference; fileEncoding = 4; lastKnownFileType = sourcecode.c.h; path = AFURLSessionManager.h; sourceTree = "<group>"; };
		7D53DE841A724A7200DAD07B /* AFURLSessionManager.m */ = {isa = PBXFileReference; fileEncoding = 4; lastKnownFileType = sourcecode.c.objc; path = AFURLSessionManager.m; sourceTree = "<group>"; };
		7DCA833A1A7F86DC00935B12 /* UIImage+Resize.m */ = {isa = PBXFileReference; fileEncoding = 4; lastKnownFileType = sourcecode.c.objc; path = "UIImage+Resize.m"; sourceTree = "<group>"; };
		7DCA833B1A7F86DC00935B12 /* UIImage+Resize.h */ = {isa = PBXFileReference; fileEncoding = 4; lastKnownFileType = sourcecode.c.h; path = "UIImage+Resize.h"; sourceTree = "<group>"; };
		7DCA83401A80A3B800935B12 /* IPServiceListCell.h */ = {isa = PBXFileReference; fileEncoding = 4; lastKnownFileType = sourcecode.c.h; path = IPServiceListCell.h; sourceTree = "<group>"; };
		7DCA83411A80A3B800935B12 /* IPServiceListCell.m */ = {isa = PBXFileReference; fileEncoding = 4; lastKnownFileType = sourcecode.c.objc; path = IPServiceListCell.m; sourceTree = "<group>"; };
		7DCA83431A80A51600935B12 /* IPServiceListVC.h */ = {isa = PBXFileReference; fileEncoding = 4; lastKnownFileType = sourcecode.c.h; path = IPServiceListVC.h; sourceTree = "<group>"; };
		7DCA83441A80A51600935B12 /* IPServiceListVC.m */ = {isa = PBXFileReference; fileEncoding = 4; lastKnownFileType = sourcecode.c.objc; path = IPServiceListVC.m; sourceTree = "<group>"; };
		7DCA834A1A80AAEE00935B12 /* UIViewController+Visible.m */ = {isa = PBXFileReference; fileEncoding = 4; lastKnownFileType = sourcecode.c.objc; path = "UIViewController+Visible.m"; sourceTree = "<group>"; };
		7DCA834B1A80AAEE00935B12 /* UIViewController+Visible.h */ = {isa = PBXFileReference; fileEncoding = 4; lastKnownFileType = sourcecode.c.h; path = "UIViewController+Visible.h"; sourceTree = "<group>"; };
		7DCA834D1A80B37600935B12 /* NSNetService+ParseAddress.h */ = {isa = PBXFileReference; fileEncoding = 4; lastKnownFileType = sourcecode.c.h; path = "NSNetService+ParseAddress.h"; sourceTree = "<group>"; };
		7DCA834E1A80B37600935B12 /* NSNetService+ParseAddress.m */ = {isa = PBXFileReference; fileEncoding = 4; lastKnownFileType = sourcecode.c.objc; path = "NSNetService+ParseAddress.m"; sourceTree = "<group>"; };
		7DF725D11A6F8CA000696A26 /* iPro.app */ = {isa = PBXFileReference; explicitFileType = wrapper.application; includeInIndex = 0; path = iPro.app; sourceTree = BUILT_PRODUCTS_DIR; };
		7DF725D51A6F8CA000696A26 /* Info.plist */ = {isa = PBXFileReference; lastKnownFileType = text.plist.xml; path = Info.plist; sourceTree = "<group>"; };
		7DF725D61A6F8CA000696A26 /* main.m */ = {isa = PBXFileReference; lastKnownFileType = sourcecode.c.objc; path = main.m; sourceTree = "<group>"; };
		7DF725D81A6F8CA000696A26 /* AppDelegate.h */ = {isa = PBXFileReference; lastKnownFileType = sourcecode.c.h; path = AppDelegate.h; sourceTree = "<group>"; };
		7DF725D91A6F8CA000696A26 /* AppDelegate.m */ = {isa = PBXFileReference; lastKnownFileType = sourcecode.c.objc; path = AppDelegate.m; sourceTree = "<group>"; };
		7DF725DF1A6F8CA000696A26 /* Base */ = {isa = PBXFileReference; lastKnownFileType = file.storyboard; name = Base; path = Base.lproj/Main.storyboard; sourceTree = "<group>"; };
		7DF725E11A6F8CA000696A26 /* Images.xcassets */ = {isa = PBXFileReference; lastKnownFileType = folder.assetcatalog; path = Images.xcassets; sourceTree = "<group>"; };
		7DF725FD1A6F8DD400696A26 /* MovieRecorder.h */ = {isa = PBXFileReference; fileEncoding = 4; lastKnownFileType = sourcecode.c.h; path = MovieRecorder.h; sourceTree = "<group>"; };
		7DF725FE1A6F8DD400696A26 /* MovieRecorder.m */ = {isa = PBXFileReference; fileEncoding = 4; lastKnownFileType = sourcecode.c.objc; path = MovieRecorder.m; sourceTree = "<group>"; };
		7DF725FF1A6F8DD400696A26 /* RosyWriterCapturePipeline.h */ = {isa = PBXFileReference; fileEncoding = 4; lastKnownFileType = sourcecode.c.h; path = RosyWriterCapturePipeline.h; sourceTree = "<group>"; };
		7DF726001A6F8DD400696A26 /* RosyWriterCapturePipeline.m */ = {isa = PBXFileReference; fileEncoding = 4; lastKnownFileType = sourcecode.c.objc; path = RosyWriterCapturePipeline.m; sourceTree = "<group>"; };
		7DF726051A6F8E2B00696A26 /* AutoLocalize.h */ = {isa = PBXFileReference; fileEncoding = 4; lastKnownFileType = sourcecode.c.h; path = AutoLocalize.h; sourceTree = "<group>"; };
		7DF726061A6F8E2B00696A26 /* AutoLocalize.m */ = {isa = PBXFileReference; fileEncoding = 4; lastKnownFileType = sourcecode.c.objc; path = AutoLocalize.m; sourceTree = "<group>"; };
		7DF726071A6F8E2B00696A26 /* CommonDef.h */ = {isa = PBXFileReference; fileEncoding = 4; lastKnownFileType = sourcecode.c.h; path = CommonDef.h; sourceTree = "<group>"; };
		7DF726081A6F8E2B00696A26 /* ErrorCheck.h */ = {isa = PBXFileReference; fileEncoding = 4; lastKnownFileType = sourcecode.c.h; path = ErrorCheck.h; sourceTree = "<group>"; };
		7DF7260B1A6F8E2B00696A26 /* CocoaLumberjack.h */ = {isa = PBXFileReference; fileEncoding = 4; lastKnownFileType = sourcecode.c.h; path = CocoaLumberjack.h; sourceTree = "<group>"; };
		7DF7260C1A6F8E2B00696A26 /* DDAbstractDatabaseLogger.h */ = {isa = PBXFileReference; fileEncoding = 4; lastKnownFileType = sourcecode.c.h; path = DDAbstractDatabaseLogger.h; sourceTree = "<group>"; };
		7DF7260D1A6F8E2B00696A26 /* DDAbstractDatabaseLogger.m */ = {isa = PBXFileReference; fileEncoding = 4; lastKnownFileType = sourcecode.c.objc; path = DDAbstractDatabaseLogger.m; sourceTree = "<group>"; };
		7DF7260E1A6F8E2B00696A26 /* DDASLLogCapture.h */ = {isa = PBXFileReference; fileEncoding = 4; lastKnownFileType = sourcecode.c.h; path = DDASLLogCapture.h; sourceTree = "<group>"; };
		7DF7260F1A6F8E2B00696A26 /* DDASLLogCapture.m */ = {isa = PBXFileReference; fileEncoding = 4; lastKnownFileType = sourcecode.c.objc; path = DDASLLogCapture.m; sourceTree = "<group>"; };
		7DF726101A6F8E2B00696A26 /* DDASLLogger.h */ = {isa = PBXFileReference; fileEncoding = 4; lastKnownFileType = sourcecode.c.h; path = DDASLLogger.h; sourceTree = "<group>"; };
		7DF726111A6F8E2B00696A26 /* DDASLLogger.m */ = {isa = PBXFileReference; fileEncoding = 4; lastKnownFileType = sourcecode.c.objc; path = DDASLLogger.m; sourceTree = "<group>"; };
		7DF726121A6F8E2B00696A26 /* DDAssertMacros.h */ = {isa = PBXFileReference; fileEncoding = 4; lastKnownFileType = sourcecode.c.h; path = DDAssertMacros.h; sourceTree = "<group>"; };
		7DF726131A6F8E2B00696A26 /* DDFileLogger.h */ = {isa = PBXFileReference; fileEncoding = 4; lastKnownFileType = sourcecode.c.h; path = DDFileLogger.h; sourceTree = "<group>"; };
		7DF726141A6F8E2B00696A26 /* DDFileLogger.m */ = {isa = PBXFileReference; fileEncoding = 4; lastKnownFileType = sourcecode.c.objc; path = DDFileLogger.m; sourceTree = "<group>"; };
		7DF726151A6F8E2B00696A26 /* DDLog+LOGV.h */ = {isa = PBXFileReference; fileEncoding = 4; lastKnownFileType = sourcecode.c.h; path = "DDLog+LOGV.h"; sourceTree = "<group>"; };
		7DF726161A6F8E2B00696A26 /* DDLog.h */ = {isa = PBXFileReference; fileEncoding = 4; lastKnownFileType = sourcecode.c.h; path = DDLog.h; sourceTree = "<group>"; };
		7DF726171A6F8E2B00696A26 /* DDLog.m */ = {isa = PBXFileReference; fileEncoding = 4; lastKnownFileType = sourcecode.c.objc; path = DDLog.m; sourceTree = "<group>"; };
		7DF726181A6F8E2B00696A26 /* DDLogMacros.h */ = {isa = PBXFileReference; fileEncoding = 4; lastKnownFileType = sourcecode.c.h; path = DDLogMacros.h; sourceTree = "<group>"; };
		7DF726191A6F8E2B00696A26 /* DDTTYLogger.h */ = {isa = PBXFileReference; fileEncoding = 4; lastKnownFileType = sourcecode.c.h; path = DDTTYLogger.h; sourceTree = "<group>"; };
		7DF7261A1A6F8E2B00696A26 /* DDTTYLogger.m */ = {isa = PBXFileReference; fileEncoding = 4; lastKnownFileType = sourcecode.c.objc; path = DDTTYLogger.m; sourceTree = "<group>"; };
		7DF7261C1A6F8E2B00696A26 /* DDContextFilterLogFormatter.h */ = {isa = PBXFileReference; fileEncoding = 4; lastKnownFileType = sourcecode.c.h; path = DDContextFilterLogFormatter.h; sourceTree = "<group>"; };
		7DF7261D1A6F8E2B00696A26 /* DDContextFilterLogFormatter.m */ = {isa = PBXFileReference; fileEncoding = 4; lastKnownFileType = sourcecode.c.objc; path = DDContextFilterLogFormatter.m; sourceTree = "<group>"; };
		7DF7261E1A6F8E2B00696A26 /* DDDispatchQueueLogFormatter.h */ = {isa = PBXFileReference; fileEncoding = 4; lastKnownFileType = sourcecode.c.h; path = DDDispatchQueueLogFormatter.h; sourceTree = "<group>"; };
		7DF7261F1A6F8E2B00696A26 /* DDDispatchQueueLogFormatter.m */ = {isa = PBXFileReference; fileEncoding = 4; lastKnownFileType = sourcecode.c.objc; path = DDDispatchQueueLogFormatter.m; sourceTree = "<group>"; };
		7DF726201A6F8E2B00696A26 /* DDMultiFormatter.h */ = {isa = PBXFileReference; fileEncoding = 4; lastKnownFileType = sourcecode.c.h; path = DDMultiFormatter.h; sourceTree = "<group>"; };
		7DF726211A6F8E2B00696A26 /* DDMultiFormatter.m */ = {isa = PBXFileReference; fileEncoding = 4; lastKnownFileType = sourcecode.c.objc; path = DDMultiFormatter.m; sourceTree = "<group>"; };
		7DF726221A6F8E2B00696A26 /* NSThread+SequenceNumber.h */ = {isa = PBXFileReference; fileEncoding = 4; lastKnownFileType = sourcecode.c.h; path = "NSThread+SequenceNumber.h"; sourceTree = "<group>"; };
		7DF726231A6F8E2B00696A26 /* NSThread+SequenceNumber.m */ = {isa = PBXFileReference; fileEncoding = 4; lastKnownFileType = sourcecode.c.objc; path = "NSThread+SequenceNumber.m"; sourceTree = "<group>"; };
		7DF726241A6F8E2B00696A26 /* KPLog.h */ = {isa = PBXFileReference; fileEncoding = 4; lastKnownFileType = sourcecode.c.h; path = KPLog.h; sourceTree = "<group>"; };
		7DF726251A6F8E2B00696A26 /* KPLog.m */ = {isa = PBXFileReference; fileEncoding = 4; lastKnownFileType = sourcecode.c.objc; path = KPLog.m; sourceTree = "<group>"; };
		7DF726261A6F8E2B00696A26 /* KPLogFormatter.h */ = {isa = PBXFileReference; fileEncoding = 4; lastKnownFileType = sourcecode.c.h; path = KPLogFormatter.h; sourceTree = "<group>"; };
		7DF726271A6F8E2B00696A26 /* KPLogFormatter.m */ = {isa = PBXFileReference; fileEncoding = 4; lastKnownFileType = sourcecode.c.objc; path = KPLogFormatter.m; sourceTree = "<group>"; };
		7DF726291A6F8E2B00696A26 /* MBProgressHUD.h */ = {isa = PBXFileReference; fileEncoding = 4; lastKnownFileType = sourcecode.c.h; path = MBProgressHUD.h; sourceTree = "<group>"; };
		7DF7262A1A6F8E2B00696A26 /* MBProgressHUD.m */ = {isa = PBXFileReference; fileEncoding = 4; lastKnownFileType = sourcecode.c.objc; path = MBProgressHUD.m; sourceTree = "<group>"; };
		7DF7262B1A6F8E2B00696A26 /* NSMutableArray+Queue.h */ = {isa = PBXFileReference; fileEncoding = 4; lastKnownFileType = sourcecode.c.h; path = "NSMutableArray+Queue.h"; sourceTree = "<group>"; };
		7DF7262C1A6F8E2B00696A26 /* NSMutableArray+Queue.m */ = {isa = PBXFileReference; fileEncoding = 4; lastKnownFileType = sourcecode.c.objc; path = "NSMutableArray+Queue.m"; sourceTree = "<group>"; };
		7DF7262D1A6F8E2B00696A26 /* NSMutableArray+Stack.h */ = {isa = PBXFileReference; fileEncoding = 4; lastKnownFileType = sourcecode.c.h; path = "NSMutableArray+Stack.h"; sourceTree = "<group>"; };
		7DF7262E1A6F8E2B00696A26 /* NSMutableArray+Stack.m */ = {isa = PBXFileReference; fileEncoding = 4; lastKnownFileType = sourcecode.c.objc; path = "NSMutableArray+Stack.m"; sourceTree = "<group>"; };
		7DF7262F1A6F8E2B00696A26 /* NSOperationQueue+GlobalQueue.h */ = {isa = PBXFileReference; fileEncoding = 4; lastKnownFileType = sourcecode.c.h; path = "NSOperationQueue+GlobalQueue.h"; sourceTree = "<group>"; };
		7DF726301A6F8E2B00696A26 /* NSOperationQueue+GlobalQueue.m */ = {isa = PBXFileReference; fileEncoding = 4; lastKnownFileType = sourcecode.c.objc; path = "NSOperationQueue+GlobalQueue.m"; sourceTree = "<group>"; };
		7DF726361A6F8E2B00696A26 /* TTEasyReleasePool.h */ = {isa = PBXFileReference; fileEncoding = 4; lastKnownFileType = sourcecode.c.h; path = TTEasyReleasePool.h; sourceTree = "<group>"; };
		7DF726371A6F8E2B00696A26 /* TTEasyReleasePool.m */ = {isa = PBXFileReference; fileEncoding = 4; lastKnownFileType = sourcecode.c.objc; path = TTEasyReleasePool.m; sourceTree = "<group>"; };
		7DF726381A6F8E2B00696A26 /* UIView+UserData.h */ = {isa = PBXFileReference; fileEncoding = 4; lastKnownFileType = sourcecode.c.h; path = "UIView+UserData.h"; sourceTree = "<group>"; };
		7DF726391A6F8E2B00696A26 /* UIView+UserData.m */ = {isa = PBXFileReference; fileEncoding = 4; lastKnownFileType = sourcecode.c.objc; path = "UIView+UserData.m"; sourceTree = "<group>"; };
		7DF7264E1A6F8E8100696A26 /* Prefix.pch */ = {isa = PBXFileReference; fileEncoding = 4; lastKnownFileType = sourcecode.c.h; path = Prefix.pch; sourceTree = "<group>"; };
		7DF7264F1A6F940100696A26 /* IPMainVC.h */ = {isa = PBXFileReference; fileEncoding = 4; lastKnownFileType = sourcecode.c.h; path = IPMainVC.h; sourceTree = "<group>"; };
		7DF726501A6F940100696A26 /* IPMainVC.m */ = {isa = PBXFileReference; fileEncoding = 4; lastKnownFileType = sourcecode.c.objc; path = IPMainVC.m; sourceTree = "<group>"; };
		7DF726521A6F948F00696A26 /* IPRemoteControlVC.h */ = {isa = PBXFileReference; fileEncoding = 4; lastKnownFileType = sourcecode.c.h; path = IPRemoteControlVC.h; sourceTree = "<group>"; };
		7DF726531A6F948F00696A26 /* IPRemoteControlVC.m */ = {isa = PBXFileReference; fileEncoding = 4; lastKnownFileType = sourcecode.c.objc; path = IPRemoteControlVC.m; sourceTree = "<group>"; };
		7DF726551A6F94AA00696A26 /* IPServiceHostVC.h */ = {isa = PBXFileReference; fileEncoding = 4; lastKnownFileType = sourcecode.c.h; path = IPServiceHostVC.h; sourceTree = "<group>"; };
		7DF726561A6F94AA00696A26 /* IPServiceHostVC.m */ = {isa = PBXFileReference; fileEncoding = 4; lastKnownFileType = sourcecode.c.objc; path = IPServiceHostVC.m; sourceTree = "<group>"; };
		7DF726781A6FC68900696A26 /* GCDWebServer.h */ = {isa = PBXFileReference; fileEncoding = 4; lastKnownFileType = sourcecode.c.h; path = GCDWebServer.h; sourceTree = "<group>"; };
		7DF726791A6FC68900696A26 /* GCDWebServer.m */ = {isa = PBXFileReference; fileEncoding = 4; lastKnownFileType = sourcecode.c.objc; path = GCDWebServer.m; sourceTree = "<group>"; };
		7DF7267A1A6FC68900696A26 /* GCDWebServerConnection.h */ = {isa = PBXFileReference; fileEncoding = 4; lastKnownFileType = sourcecode.c.h; path = GCDWebServerConnection.h; sourceTree = "<group>"; };
		7DF7267B1A6FC68900696A26 /* GCDWebServerConnection.m */ = {isa = PBXFileReference; fileEncoding = 4; lastKnownFileType = sourcecode.c.objc; path = GCDWebServerConnection.m; sourceTree = "<group>"; };
		7DF7267C1A6FC68900696A26 /* GCDWebServerFunctions.h */ = {isa = PBXFileReference; fileEncoding = 4; lastKnownFileType = sourcecode.c.h; path = GCDWebServerFunctions.h; sourceTree = "<group>"; };
		7DF7267D1A6FC68900696A26 /* GCDWebServerFunctions.m */ = {isa = PBXFileReference; fileEncoding = 4; lastKnownFileType = sourcecode.c.objc; path = GCDWebServerFunctions.m; sourceTree = "<group>"; };
		7DF7267E1A6FC68900696A26 /* GCDWebServerHTTPStatusCodes.h */ = {isa = PBXFileReference; fileEncoding = 4; lastKnownFileType = sourcecode.c.h; path = GCDWebServerHTTPStatusCodes.h; sourceTree = "<group>"; };
		7DF7267F1A6FC68900696A26 /* GCDWebServerPrivate.h */ = {isa = PBXFileReference; fileEncoding = 4; lastKnownFileType = sourcecode.c.h; path = GCDWebServerPrivate.h; sourceTree = "<group>"; };
		7DF726801A6FC68900696A26 /* GCDWebServerRequest.h */ = {isa = PBXFileReference; fileEncoding = 4; lastKnownFileType = sourcecode.c.h; path = GCDWebServerRequest.h; sourceTree = "<group>"; };
		7DF726811A6FC68900696A26 /* GCDWebServerRequest.m */ = {isa = PBXFileReference; fileEncoding = 4; lastKnownFileType = sourcecode.c.objc; path = GCDWebServerRequest.m; sourceTree = "<group>"; };
		7DF726821A6FC68900696A26 /* GCDWebServerResponse.h */ = {isa = PBXFileReference; fileEncoding = 4; lastKnownFileType = sourcecode.c.h; path = GCDWebServerResponse.h; sourceTree = "<group>"; };
		7DF726831A6FC68900696A26 /* GCDWebServerResponse.m */ = {isa = PBXFileReference; fileEncoding = 4; lastKnownFileType = sourcecode.c.objc; path = GCDWebServerResponse.m; sourceTree = "<group>"; };
		7DF726851A6FC68900696A26 /* GCDWebServerDataRequest.h */ = {isa = PBXFileReference; fileEncoding = 4; lastKnownFileType = sourcecode.c.h; path = GCDWebServerDataRequest.h; sourceTree = "<group>"; };
		7DF726861A6FC68900696A26 /* GCDWebServerDataRequest.m */ = {isa = PBXFileReference; fileEncoding = 4; lastKnownFileType = sourcecode.c.objc; path = GCDWebServerDataRequest.m; sourceTree = "<group>"; };
		7DF726871A6FC68900696A26 /* GCDWebServerFileRequest.h */ = {isa = PBXFileReference; fileEncoding = 4; lastKnownFileType = sourcecode.c.h; path = GCDWebServerFileRequest.h; sourceTree = "<group>"; };
		7DF726881A6FC68900696A26 /* GCDWebServerFileRequest.m */ = {isa = PBXFileReference; fileEncoding = 4; lastKnownFileType = sourcecode.c.objc; path = GCDWebServerFileRequest.m; sourceTree = "<group>"; };
		7DF726891A6FC68900696A26 /* GCDWebServerMultiPartFormRequest.h */ = {isa = PBXFileReference; fileEncoding = 4; lastKnownFileType = sourcecode.c.h; path = GCDWebServerMultiPartFormRequest.h; sourceTree = "<group>"; };
		7DF7268A1A6FC68900696A26 /* GCDWebServerMultiPartFormRequest.m */ = {isa = PBXFileReference; fileEncoding = 4; lastKnownFileType = sourcecode.c.objc; path = GCDWebServerMultiPartFormRequest.m; sourceTree = "<group>"; };
		7DF7268B1A6FC68900696A26 /* GCDWebServerURLEncodedFormRequest.h */ = {isa = PBXFileReference; fileEncoding = 4; lastKnownFileType = sourcecode.c.h; path = GCDWebServerURLEncodedFormRequest.h; sourceTree = "<group>"; };
		7DF7268C1A6FC68900696A26 /* GCDWebServerURLEncodedFormRequest.m */ = {isa = PBXFileReference; fileEncoding = 4; lastKnownFileType = sourcecode.c.objc; path = GCDWebServerURLEncodedFormRequest.m; sourceTree = "<group>"; };
		7DF7268E1A6FC68900696A26 /* GCDWebServerDataResponse.h */ = {isa = PBXFileReference; fileEncoding = 4; lastKnownFileType = sourcecode.c.h; path = GCDWebServerDataResponse.h; sourceTree = "<group>"; };
		7DF7268F1A6FC68900696A26 /* GCDWebServerDataResponse.m */ = {isa = PBXFileReference; fileEncoding = 4; lastKnownFileType = sourcecode.c.objc; path = GCDWebServerDataResponse.m; sourceTree = "<group>"; };
		7DF726901A6FC68900696A26 /* GCDWebServerErrorResponse.h */ = {isa = PBXFileReference; fileEncoding = 4; lastKnownFileType = sourcecode.c.h; path = GCDWebServerErrorResponse.h; sourceTree = "<group>"; };
		7DF726911A6FC68900696A26 /* GCDWebServerErrorResponse.m */ = {isa = PBXFileReference; fileEncoding = 4; lastKnownFileType = sourcecode.c.objc; path = GCDWebServerErrorResponse.m; sourceTree = "<group>"; };
		7DF726921A6FC68900696A26 /* GCDWebServerFileResponse.h */ = {isa = PBXFileReference; fileEncoding = 4; lastKnownFileType = sourcecode.c.h; path = GCDWebServerFileResponse.h; sourceTree = "<group>"; };
		7DF726931A6FC68900696A26 /* GCDWebServerFileResponse.m */ = {isa = PBXFileReference; fileEncoding = 4; lastKnownFileType = sourcecode.c.objc; path = GCDWebServerFileResponse.m; sourceTree = "<group>"; };
		7DF726941A6FC68900696A26 /* GCDWebServerStreamedResponse.h */ = {isa = PBXFileReference; fileEncoding = 4; lastKnownFileType = sourcecode.c.h; path = GCDWebServerStreamedResponse.h; sourceTree = "<group>"; };
		7DF726951A6FC68900696A26 /* GCDWebServerStreamedResponse.m */ = {isa = PBXFileReference; fileEncoding = 4; lastKnownFileType = sourcecode.c.objc; path = GCDWebServerStreamedResponse.m; sourceTree = "<group>"; };
		7DF726A41A6FC6C400696A26 /* IPCaptureService.h */ = {isa = PBXFileReference; fileEncoding = 4; lastKnownFileType = sourcecode.c.h; path = IPCaptureService.h; sourceTree = "<group>"; };
		7DF726A51A6FC6C400696A26 /* IPCaptureService.m */ = {isa = PBXFileReference; fileEncoding = 4; lastKnownFileType = sourcecode.c.objc; path = IPCaptureService.m; sourceTree = "<group>"; };
		7DFA72901AA9542F00488409 /* MBSliderView.h */ = {isa = PBXFileReference; fileEncoding = 4; lastKnownFileType = sourcecode.c.h; path = MBSliderView.h; sourceTree = "<group>"; };
		7DFA72911AA9542F00488409 /* MBSliderView.m */ = {isa = PBXFileReference; fileEncoding = 4; lastKnownFileType = sourcecode.c.objc; path = MBSliderView.m; sourceTree = "<group>"; };
		7DFA72931AA9920B00488409 /* IPLockVC.h */ = {isa = PBXFileReference; fileEncoding = 4; lastKnownFileType = sourcecode.c.h; path = IPLockVC.h; sourceTree = "<group>"; };
		7DFA72941AA9920B00488409 /* IPLockVC.m */ = {isa = PBXFileReference; fileEncoding = 4; lastKnownFileType = sourcecode.c.objc; path = IPLockVC.m; sourceTree = "<group>"; };
		E8554CA71FDE2EC80061851C /* IPHelper.h */ = {isa = PBXFileReference; lastKnownFileType = sourcecode.c.h; path = IPHelper.h; sourceTree = "<group>"; };
		E8554CA81FDE2EC80061851C /* IPHelper.m */ = {isa = PBXFileReference; lastKnownFileType = sourcecode.c.objc; path = IPHelper.m; sourceTree = "<group>"; };
		E8696D4A1FDEB5B10053AB25 /* PHAsset+Utility.h */ = {isa = PBXFileReference; fileEncoding = 4; lastKnownFileType = sourcecode.c.h; path = "PHAsset+Utility.h"; sourceTree = "<group>"; };
		E8696D4B1FDEB5B10053AB25 /* PHAsset+Utility.m */ = {isa = PBXFileReference; fileEncoding = 4; lastKnownFileType = sourcecode.c.objc; path = "PHAsset+Utility.m"; sourceTree = "<group>"; };
/* End PBXFileReference section */

/* Begin PBXFrameworksBuildPhase section */
		7DF725CE1A6F8CA000696A26 /* Frameworks */ = {
			isa = PBXFrameworksBuildPhase;
			buildActionMask = 2147483647;
			files = (
			);
			runOnlyForDeploymentPostprocessing = 0;
		};
/* End PBXFrameworksBuildPhase section */

/* Begin PBXGroup section */
		7D53DE711A724A7200DAD07B /* AFNetworking */ = {
			isa = PBXGroup;
			children = (
				7D53DE721A724A7200DAD07B /* AFHTTPRequestOperation.h */,
				7D53DE731A724A7200DAD07B /* AFHTTPRequestOperation.m */,
				7D53DE741A724A7200DAD07B /* AFHTTPRequestOperationManager.h */,
				7D53DE751A724A7200DAD07B /* AFHTTPRequestOperationManager.m */,
				7D53DE761A724A7200DAD07B /* AFHTTPSessionManager.h */,
				7D53DE771A724A7200DAD07B /* AFHTTPSessionManager.m */,
				7D53DE781A724A7200DAD07B /* AFNetworking.h */,
				7D53DE791A724A7200DAD07B /* AFNetworkReachabilityManager.h */,
				7D53DE7A1A724A7200DAD07B /* AFNetworkReachabilityManager.m */,
				7D53DE7B1A724A7200DAD07B /* AFSecurityPolicy.h */,
				7D53DE7C1A724A7200DAD07B /* AFSecurityPolicy.m */,
				7D53DE7D1A724A7200DAD07B /* AFURLConnectionOperation.h */,
				7D53DE7E1A724A7200DAD07B /* AFURLConnectionOperation.m */,
				7D53DE7F1A724A7200DAD07B /* AFURLRequestSerialization.h */,
				7D53DE801A724A7200DAD07B /* AFURLRequestSerialization.m */,
				7D53DE811A724A7200DAD07B /* AFURLResponseSerialization.h */,
				7D53DE821A724A7200DAD07B /* AFURLResponseSerialization.m */,
				7D53DE831A724A7200DAD07B /* AFURLSessionManager.h */,
				7D53DE841A724A7200DAD07B /* AFURLSessionManager.m */,
			);
			path = AFNetworking;
			sourceTree = "<group>";
		};
		7DF725C81A6F8CA000696A26 = {
			isa = PBXGroup;
			children = (
				7DF725D31A6F8CA000696A26 /* iPro */,
				7DF725D21A6F8CA000696A26 /* Products */,
			);
			sourceTree = "<group>";
			wrapsLines = 0;
		};
		7DF725D21A6F8CA000696A26 /* Products */ = {
			isa = PBXGroup;
			children = (
				7DF725D11A6F8CA000696A26 /* iPro.app */,
			);
			name = Products;
			sourceTree = "<group>";
		};
		7DF725D31A6F8CA000696A26 /* iPro */ = {
			isa = PBXGroup;
			children = (
				7DF726751A6FC68900696A26 /* 3rdParty */,
				7DF726031A6F8E2B00696A26 /* Misc */,
				7DF725FA1A6F8DD400696A26 /* UI */,
				7DF725FB1A6F8DD400696A26 /* Core */,
				7DF725D81A6F8CA000696A26 /* AppDelegate.h */,
				7DF725D91A6F8CA000696A26 /* AppDelegate.m */,
				7DF725DE1A6F8CA000696A26 /* Main.storyboard */,
				7DF725E11A6F8CA000696A26 /* Images.xcassets */,
				7DF725D41A6F8CA000696A26 /* Supporting Files */,
			);
			path = iPro;
			sourceTree = "<group>";
		};
		7DF725D41A6F8CA000696A26 /* Supporting Files */ = {
			isa = PBXGroup;
			children = (
				7DF7264E1A6F8E8100696A26 /* Prefix.pch */,
				7DF725D51A6F8CA000696A26 /* Info.plist */,
				7DF725D61A6F8CA000696A26 /* main.m */,
			);
			name = "Supporting Files";
			sourceTree = "<group>";
		};
		7DF725FA1A6F8DD400696A26 /* UI */ = {
			isa = PBXGroup;
			children = (
				7DF7264F1A6F940100696A26 /* IPMainVC.h */,
				7DF726501A6F940100696A26 /* IPMainVC.m */,
				7DF726521A6F948F00696A26 /* IPRemoteControlVC.h */,
				7DF726531A6F948F00696A26 /* IPRemoteControlVC.m */,
				7DF726551A6F94AA00696A26 /* IPServiceHostVC.h */,
				7DF726561A6F94AA00696A26 /* IPServiceHostVC.m */,
				7DFA72931AA9920B00488409 /* IPLockVC.h */,
				7DFA72941AA9920B00488409 /* IPLockVC.m */,
				7DCA83401A80A3B800935B12 /* IPServiceListCell.h */,
				7DCA83411A80A3B800935B12 /* IPServiceListCell.m */,
				7DCA83431A80A51600935B12 /* IPServiceListVC.h */,
				7DCA83441A80A51600935B12 /* IPServiceListVC.m */,
			);
			path = UI;
			sourceTree = "<group>";
		};
		7DF725FB1A6F8DD400696A26 /* Core */ = {
			isa = PBXGroup;
			children = (
				7DF726A31A6FC6AB00696A26 /* CaptureService */,
				7DF725FC1A6F8DD400696A26 /* VideoCapture */,
				E8554CA71FDE2EC80061851C /* IPHelper.h */,
				E8554CA81FDE2EC80061851C /* IPHelper.m */,
			);
			path = Core;
			sourceTree = "<group>";
		};
		7DF725FC1A6F8DD400696A26 /* VideoCapture */ = {
			isa = PBXGroup;
			children = (
				7DF725FD1A6F8DD400696A26 /* MovieRecorder.h */,
				7DF725FE1A6F8DD400696A26 /* MovieRecorder.m */,
				7DF725FF1A6F8DD400696A26 /* RosyWriterCapturePipeline.h */,
				7DF726001A6F8DD400696A26 /* RosyWriterCapturePipeline.m */,
			);
			path = VideoCapture;
			sourceTree = "<group>";
		};
		7DF726031A6F8E2B00696A26 /* Misc */ = {
			isa = PBXGroup;
			children = (
				E8696D4A1FDEB5B10053AB25 /* PHAsset+Utility.h */,
				E8696D4B1FDEB5B10053AB25 /* PHAsset+Utility.m */,
				7DF726041A6F8E2B00696A26 /* AutoLocalize */,
				7DF726091A6F8E2B00696A26 /* Log */,
				7DF726281A6F8E2B00696A26 /* MBProgressHUD */,
				7DF726071A6F8E2B00696A26 /* CommonDef.h */,
				7DF726081A6F8E2B00696A26 /* ErrorCheck.h */,
				7DF7262B1A6F8E2B00696A26 /* NSMutableArray+Queue.h */,
				7DF7262C1A6F8E2B00696A26 /* NSMutableArray+Queue.m */,
				7DF7262D1A6F8E2B00696A26 /* NSMutableArray+Stack.h */,
				7DF7262E1A6F8E2B00696A26 /* NSMutableArray+Stack.m */,
				7DF7262F1A6F8E2B00696A26 /* NSOperationQueue+GlobalQueue.h */,
				7DF726301A6F8E2B00696A26 /* NSOperationQueue+GlobalQueue.m */,
				7DF726361A6F8E2B00696A26 /* TTEasyReleasePool.h */,
				7DF726371A6F8E2B00696A26 /* TTEasyReleasePool.m */,
				7DF726381A6F8E2B00696A26 /* UIView+UserData.h */,
				7DF726391A6F8E2B00696A26 /* UIView+UserData.m */,
				7DCA833A1A7F86DC00935B12 /* UIImage+Resize.m */,
				7DCA833B1A7F86DC00935B12 /* UIImage+Resize.h */,
				7DCA834A1A80AAEE00935B12 /* UIViewController+Visible.m */,
				7DCA834B1A80AAEE00935B12 /* UIViewController+Visible.h */,
				7DCA834D1A80B37600935B12 /* NSNetService+ParseAddress.h */,
				7DCA834E1A80B37600935B12 /* NSNetService+ParseAddress.m */,
			);
			path = Misc;
			sourceTree = "<group>";
		};
		7DF726041A6F8E2B00696A26 /* AutoLocalize */ = {
			isa = PBXGroup;
			children = (
				7DF726051A6F8E2B00696A26 /* AutoLocalize.h */,
				7DF726061A6F8E2B00696A26 /* AutoLocalize.m */,
			);
			path = AutoLocalize;
			sourceTree = "<group>";
		};
		7DF726091A6F8E2B00696A26 /* Log */ = {
			isa = PBXGroup;
			children = (
				7DF7260A1A6F8E2B00696A26 /* DDLog */,
				7DF726241A6F8E2B00696A26 /* KPLog.h */,
				7DF726251A6F8E2B00696A26 /* KPLog.m */,
				7DF726261A6F8E2B00696A26 /* KPLogFormatter.h */,
				7DF726271A6F8E2B00696A26 /* KPLogFormatter.m */,
			);
			path = Log;
			sourceTree = "<group>";
		};
		7DF7260A1A6F8E2B00696A26 /* DDLog */ = {
			isa = PBXGroup;
			children = (
				7DF7260B1A6F8E2B00696A26 /* CocoaLumberjack.h */,
				7DF7260C1A6F8E2B00696A26 /* DDAbstractDatabaseLogger.h */,
				7DF7260D1A6F8E2B00696A26 /* DDAbstractDatabaseLogger.m */,
				7DF7260E1A6F8E2B00696A26 /* DDASLLogCapture.h */,
				7DF7260F1A6F8E2B00696A26 /* DDASLLogCapture.m */,
				7DF726101A6F8E2B00696A26 /* DDASLLogger.h */,
				7DF726111A6F8E2B00696A26 /* DDASLLogger.m */,
				7DF726121A6F8E2B00696A26 /* DDAssertMacros.h */,
				7DF726131A6F8E2B00696A26 /* DDFileLogger.h */,
				7DF726141A6F8E2B00696A26 /* DDFileLogger.m */,
				7DF726151A6F8E2B00696A26 /* DDLog+LOGV.h */,
				7DF726161A6F8E2B00696A26 /* DDLog.h */,
				7DF726171A6F8E2B00696A26 /* DDLog.m */,
				7DF726181A6F8E2B00696A26 /* DDLogMacros.h */,
				7DF726191A6F8E2B00696A26 /* DDTTYLogger.h */,
				7DF7261A1A6F8E2B00696A26 /* DDTTYLogger.m */,
				7DF7261B1A6F8E2B00696A26 /* Extensions */,
				7DF726221A6F8E2B00696A26 /* NSThread+SequenceNumber.h */,
				7DF726231A6F8E2B00696A26 /* NSThread+SequenceNumber.m */,
			);
			path = DDLog;
			sourceTree = "<group>";
		};
		7DF7261B1A6F8E2B00696A26 /* Extensions */ = {
			isa = PBXGroup;
			children = (
				7DF7261C1A6F8E2B00696A26 /* DDContextFilterLogFormatter.h */,
				7DF7261D1A6F8E2B00696A26 /* DDContextFilterLogFormatter.m */,
				7DF7261E1A6F8E2B00696A26 /* DDDispatchQueueLogFormatter.h */,
				7DF7261F1A6F8E2B00696A26 /* DDDispatchQueueLogFormatter.m */,
				7DF726201A6F8E2B00696A26 /* DDMultiFormatter.h */,
				7DF726211A6F8E2B00696A26 /* DDMultiFormatter.m */,
			);
			path = Extensions;
			sourceTree = "<group>";
		};
		7DF726281A6F8E2B00696A26 /* MBProgressHUD */ = {
			isa = PBXGroup;
			children = (
				7DF726291A6F8E2B00696A26 /* MBProgressHUD.h */,
				7DF7262A1A6F8E2B00696A26 /* MBProgressHUD.m */,
			);
			path = MBProgressHUD;
			sourceTree = "<group>";
		};
		7DF726751A6FC68900696A26 /* 3rdParty */ = {
			isa = PBXGroup;
			children = (
				7DFA728F1AA9542F00488409 /* MBSliderView */,
				7D53DE711A724A7200DAD07B /* AFNetworking */,
				7DF726761A6FC68900696A26 /* GCDWebServer */,
			);
			path = 3rdParty;
			sourceTree = "<group>";
		};
		7DF726761A6FC68900696A26 /* GCDWebServer */ = {
			isa = PBXGroup;
			children = (
				7DF726771A6FC68900696A26 /* Core */,
				7DF726841A6FC68900696A26 /* Requests */,
				7DF7268D1A6FC68900696A26 /* Responses */,
			);
			path = GCDWebServer;
			sourceTree = "<group>";
		};
		7DF726771A6FC68900696A26 /* Core */ = {
			isa = PBXGroup;
			children = (
				7DF726781A6FC68900696A26 /* GCDWebServer.h */,
				7DF726791A6FC68900696A26 /* GCDWebServer.m */,
				7DF7267A1A6FC68900696A26 /* GCDWebServerConnection.h */,
				7DF7267B1A6FC68900696A26 /* GCDWebServerConnection.m */,
				7DF7267C1A6FC68900696A26 /* GCDWebServerFunctions.h */,
				7DF7267D1A6FC68900696A26 /* GCDWebServerFunctions.m */,
				7DF7267E1A6FC68900696A26 /* GCDWebServerHTTPStatusCodes.h */,
				7DF7267F1A6FC68900696A26 /* GCDWebServerPrivate.h */,
				7DF726801A6FC68900696A26 /* GCDWebServerRequest.h */,
				7DF726811A6FC68900696A26 /* GCDWebServerRequest.m */,
				7DF726821A6FC68900696A26 /* GCDWebServerResponse.h */,
				7DF726831A6FC68900696A26 /* GCDWebServerResponse.m */,
			);
			path = Core;
			sourceTree = "<group>";
		};
		7DF726841A6FC68900696A26 /* Requests */ = {
			isa = PBXGroup;
			children = (
				7DF726851A6FC68900696A26 /* GCDWebServerDataRequest.h */,
				7DF726861A6FC68900696A26 /* GCDWebServerDataRequest.m */,
				7DF726871A6FC68900696A26 /* GCDWebServerFileRequest.h */,
				7DF726881A6FC68900696A26 /* GCDWebServerFileRequest.m */,
				7DF726891A6FC68900696A26 /* GCDWebServerMultiPartFormRequest.h */,
				7DF7268A1A6FC68900696A26 /* GCDWebServerMultiPartFormRequest.m */,
				7DF7268B1A6FC68900696A26 /* GCDWebServerURLEncodedFormRequest.h */,
				7DF7268C1A6FC68900696A26 /* GCDWebServerURLEncodedFormRequest.m */,
			);
			path = Requests;
			sourceTree = "<group>";
		};
		7DF7268D1A6FC68900696A26 /* Responses */ = {
			isa = PBXGroup;
			children = (
				7D53DE641A70A0C500DAD07B /* GCDWebServerFileStreamResponse.m */,
				7D53DE651A70A0C500DAD07B /* GCDWebServerFileStreamResponse.h */,
				7DF7268E1A6FC68900696A26 /* GCDWebServerDataResponse.h */,
				7DF7268F1A6FC68900696A26 /* GCDWebServerDataResponse.m */,
				7DF726901A6FC68900696A26 /* GCDWebServerErrorResponse.h */,
				7DF726911A6FC68900696A26 /* GCDWebServerErrorResponse.m */,
				7DF726921A6FC68900696A26 /* GCDWebServerFileResponse.h */,
				7DF726931A6FC68900696A26 /* GCDWebServerFileResponse.m */,
				7DF726941A6FC68900696A26 /* GCDWebServerStreamedResponse.h */,
				7DF726951A6FC68900696A26 /* GCDWebServerStreamedResponse.m */,
			);
			path = Responses;
			sourceTree = "<group>";
		};
		7DF726A31A6FC6AB00696A26 /* CaptureService */ = {
			isa = PBXGroup;
			children = (
				7DF726A41A6FC6C400696A26 /* IPCaptureService.h */,
				7DF726A51A6FC6C400696A26 /* IPCaptureService.m */,
				7D53DE601A6FE7C000DAD07B /* IPCaptureDataDef.h */,
				7D53DE681A70A9DF00DAD07B /* TTImageUtilities.h */,
				7D53DE691A70A9DF00DAD07B /* TTImageUtilities.m */,
			);
			path = CaptureService;
			sourceTree = "<group>";
		};
		7DFA728F1AA9542F00488409 /* MBSliderView */ = {
			isa = PBXGroup;
			children = (
				7DFA72901AA9542F00488409 /* MBSliderView.h */,
				7DFA72911AA9542F00488409 /* MBSliderView.m */,
			);
			path = MBSliderView;
			sourceTree = "<group>";
		};
/* End PBXGroup section */

/* Begin PBXNativeTarget section */
		7DF725D01A6F8CA000696A26 /* iPro */ = {
			isa = PBXNativeTarget;
			buildConfigurationList = 7DF725F41A6F8CA000696A26 /* Build configuration list for PBXNativeTarget "iPro" */;
			buildPhases = (
				7DF725CD1A6F8CA000696A26 /* Sources */,
				7DF725CE1A6F8CA000696A26 /* Frameworks */,
				7DF725CF1A6F8CA000696A26 /* Resources */,
			);
			buildRules = (
			);
			dependencies = (
			);
			name = iPro;
			productName = iPro;
			productReference = 7DF725D11A6F8CA000696A26 /* iPro.app */;
			productType = "com.apple.product-type.application";
		};
/* End PBXNativeTarget section */

/* Begin PBXProject section */
		7DF725C91A6F8CA000696A26 /* Project object */ = {
			isa = PBXProject;
			attributes = {
				CLASSPREFIX = IP;
				LastUpgradeCheck = 0710;
				ORGANIZATIONNAME = twotrees;
				TargetAttributes = {
					7DF725D01A6F8CA000696A26 = {
						CreatedOnToolsVersion = 6.1.1;
						DevelopmentTeam = MJ264WK7DL;
					};
				};
			};
			buildConfigurationList = 7DF725CC1A6F8CA000696A26 /* Build configuration list for PBXProject "iPro" */;
			compatibilityVersion = "Xcode 3.2";
			developmentRegion = English;
			hasScannedForEncodings = 0;
			knownRegions = (
				en,
				Base,
			);
			mainGroup = 7DF725C81A6F8CA000696A26;
			productRefGroup = 7DF725D21A6F8CA000696A26 /* Products */;
			projectDirPath = "";
			projectRoot = "";
			targets = (
				7DF725D01A6F8CA000696A26 /* iPro */,
			);
		};
/* End PBXProject section */

/* Begin PBXResourcesBuildPhase section */
		7DF725CF1A6F8CA000696A26 /* Resources */ = {
			isa = PBXResourcesBuildPhase;
			buildActionMask = 2147483647;
			files = (
				7DF725E01A6F8CA000696A26 /* Main.storyboard in Resources */,
				7DF725E21A6F8CA000696A26 /* Images.xcassets in Resources */,
			);
			runOnlyForDeploymentPostprocessing = 0;
		};
/* End PBXResourcesBuildPhase section */

/* Begin PBXSourcesBuildPhase section */
		7DF725CD1A6F8CA000696A26 /* Sources */ = {
			isa = PBXSourcesBuildPhase;
			buildActionMask = 2147483647;
			files = (
				7D53DE8D1A724A7200DAD07B /* AFURLSessionManager.m in Sources */,
				7DF726491A6F8E2B00696A26 /* NSMutableArray+Stack.m in Sources */,
				7DF726431A6F8E2B00696A26 /* DDMultiFormatter.m in Sources */,
				7DF726011A6F8DD400696A26 /* MovieRecorder.m in Sources */,
				7DF726A61A6FC6C400696A26 /* IPCaptureService.m in Sources */,
				7DF7263A1A6F8E2B00696A26 /* AutoLocalize.m in Sources */,
				7DF726991A6FC68900696A26 /* GCDWebServerRequest.m in Sources */,
				7DF726481A6F8E2B00696A26 /* NSMutableArray+Queue.m in Sources */,
				7DF726961A6FC68900696A26 /* GCDWebServer.m in Sources */,
				7D53DE6A1A70A9DF00DAD07B /* TTImageUtilities.m in Sources */,
				7DCA834C1A80AAEE00935B12 /* UIViewController+Visible.m in Sources */,
				7DF7269E1A6FC68900696A26 /* GCDWebServerURLEncodedFormRequest.m in Sources */,
				7DF7269D1A6FC68900696A26 /* GCDWebServerMultiPartFormRequest.m in Sources */,
				7DF7269F1A6FC68900696A26 /* GCDWebServerDataResponse.m in Sources */,
				7D53DE871A724A7200DAD07B /* AFHTTPSessionManager.m in Sources */,
				7DFA72951AA9920B00488409 /* IPLockVC.m in Sources */,
				7DCA83421A80A3B800935B12 /* IPServiceListCell.m in Sources */,
				7DF7263C1A6F8E2B00696A26 /* DDASLLogCapture.m in Sources */,
				7D53DE8C1A724A7200DAD07B /* AFURLResponseSerialization.m in Sources */,
				7DF726021A6F8DD400696A26 /* RosyWriterCapturePipeline.m in Sources */,
				7DF7269A1A6FC68900696A26 /* GCDWebServerResponse.m in Sources */,
				7D53DE8A1A724A7200DAD07B /* AFURLConnectionOperation.m in Sources */,
				7D53DE881A724A7200DAD07B /* AFNetworkReachabilityManager.m in Sources */,
				7DF726571A6F94AA00696A26 /* IPServiceHostVC.m in Sources */,
				7DF726461A6F8E2B00696A26 /* KPLogFormatter.m in Sources */,
				7DF726471A6F8E2B00696A26 /* MBProgressHUD.m in Sources */,
				7DF726541A6F948F00696A26 /* IPRemoteControlVC.m in Sources */,
				7D53DE851A724A7200DAD07B /* AFHTTPRequestOperation.m in Sources */,
				7DF7263F1A6F8E2B00696A26 /* DDLog.m in Sources */,
				7DF726411A6F8E2B00696A26 /* DDContextFilterLogFormatter.m in Sources */,
				7DCA834F1A80B37600935B12 /* NSNetService+ParseAddress.m in Sources */,
				7DF7263D1A6F8E2B00696A26 /* DDASLLogger.m in Sources */,
				E8554CA91FDE2EC80061851C /* IPHelper.m in Sources */,
				7DF726511A6F940100696A26 /* IPMainVC.m in Sources */,
				7D53DE661A70A0C500DAD07B /* GCDWebServerFileStreamResponse.m in Sources */,
				7D53DE891A724A7200DAD07B /* AFSecurityPolicy.m in Sources */,
				7DF726A21A6FC68900696A26 /* GCDWebServerStreamedResponse.m in Sources */,
				7DF7264C1A6F8E2B00696A26 /* TTEasyReleasePool.m in Sources */,
				7DF726A01A6FC68900696A26 /* GCDWebServerErrorResponse.m in Sources */,
				7DF7264A1A6F8E2B00696A26 /* NSOperationQueue+GlobalQueue.m in Sources */,
				7DF7263B1A6F8E2B00696A26 /* DDAbstractDatabaseLogger.m in Sources */,
				7DF726441A6F8E2B00696A26 /* NSThread+SequenceNumber.m in Sources */,
				7DFA72921AA9542F00488409 /* MBSliderView.m in Sources */,
				7DF726421A6F8E2B00696A26 /* DDDispatchQueueLogFormatter.m in Sources */,
				7DF7269C1A6FC68900696A26 /* GCDWebServerFileRequest.m in Sources */,
				7DF725DA1A6F8CA000696A26 /* AppDelegate.m in Sources */,
				7DF726981A6FC68900696A26 /* GCDWebServerFunctions.m in Sources */,
				7DF726971A6FC68900696A26 /* GCDWebServerConnection.m in Sources */,
				7D53DE8B1A724A7200DAD07B /* AFURLRequestSerialization.m in Sources */,
				7DCA83451A80A51600935B12 /* IPServiceListVC.m in Sources */,
				7DF7269B1A6FC68900696A26 /* GCDWebServerDataRequest.m in Sources */,
				7DF726451A6F8E2B00696A26 /* KPLog.m in Sources */,
				7D53DE861A724A7200DAD07B /* AFHTTPRequestOperationManager.m in Sources */,
				7DCA833C1A7F86DC00935B12 /* UIImage+Resize.m in Sources */,
				7DF726401A6F8E2B00696A26 /* DDTTYLogger.m in Sources */,
				E8696D4C1FDEB5B20053AB25 /* PHAsset+Utility.m in Sources */,
				7DF7264D1A6F8E2B00696A26 /* UIView+UserData.m in Sources */,
				7DF726A11A6FC68900696A26 /* GCDWebServerFileResponse.m in Sources */,
				7DF725D71A6F8CA000696A26 /* main.m in Sources */,
				7DF7263E1A6F8E2B00696A26 /* DDFileLogger.m in Sources */,
			);
			runOnlyForDeploymentPostprocessing = 0;
		};
/* End PBXSourcesBuildPhase section */

/* Begin PBXVariantGroup section */
		7DF725DE1A6F8CA000696A26 /* Main.storyboard */ = {
			isa = PBXVariantGroup;
			children = (
				7DF725DF1A6F8CA000696A26 /* Base */,
			);
			name = Main.storyboard;
			sourceTree = "<group>";
		};
/* End PBXVariantGroup section */

/* Begin XCBuildConfiguration section */
		7DF725F21A6F8CA000696A26 /* Debug */ = {
			isa = XCBuildConfiguration;
			buildSettings = {
				ALWAYS_SEARCH_USER_PATHS = NO;
				CLANG_CXX_LANGUAGE_STANDARD = "gnu++0x";
				CLANG_CXX_LIBRARY = "libc++";
				CLANG_ENABLE_MODULES = YES;
				CLANG_ENABLE_OBJC_ARC = YES;
				CLANG_WARN_BOOL_CONVERSION = YES;
				CLANG_WARN_CONSTANT_CONVERSION = YES;
				CLANG_WARN_DIRECT_OBJC_ISA_USAGE = YES_ERROR;
				CLANG_WARN_EMPTY_BODY = YES;
				CLANG_WARN_ENUM_CONVERSION = YES;
				CLANG_WARN_INT_CONVERSION = YES;
				CLANG_WARN_OBJC_ROOT_CLASS = YES_ERROR;
				CLANG_WARN_UNREACHABLE_CODE = YES;
				CLANG_WARN__DUPLICATE_METHOD_MATCH = YES;
				"CODE_SIGN_IDENTITY[sdk=iphoneos*]" = "";
				COPY_PHASE_STRIP = NO;
				ENABLE_STRICT_OBJC_MSGSEND = YES;
				ENABLE_TESTABILITY = YES;
				GCC_C_LANGUAGE_STANDARD = gnu99;
				GCC_DYNAMIC_NO_PIC = NO;
				GCC_OPTIMIZATION_LEVEL = 0;
				GCC_PRECOMPILE_PREFIX_HEADER = YES;
				GCC_PREFIX_HEADER = iPro/Prefix.pch;
				GCC_PREPROCESSOR_DEFINITIONS = (
					"DEBUG=1",
					"$(inherited)",
				);
				GCC_SYMBOLS_PRIVATE_EXTERN = NO;
				GCC_WARN_64_TO_32_BIT_CONVERSION = YES;
				GCC_WARN_ABOUT_RETURN_TYPE = YES_ERROR;
				GCC_WARN_UNDECLARED_SELECTOR = YES;
				GCC_WARN_UNINITIALIZED_AUTOS = YES_AGGRESSIVE;
				GCC_WARN_UNUSED_FUNCTION = YES;
				GCC_WARN_UNUSED_VARIABLE = YES;
				IPHONEOS_DEPLOYMENT_TARGET = 8.0;
				MTL_ENABLE_DEBUG_INFO = YES;
				ONLY_ACTIVE_ARCH = YES;
				SDKROOT = iphoneos;
				TARGETED_DEVICE_FAMILY = "1,2";
			};
			name = Debug;
		};
		7DF725F31A6F8CA000696A26 /* Release */ = {
			isa = XCBuildConfiguration;
			buildSettings = {
				ALWAYS_SEARCH_USER_PATHS = NO;
				CLANG_CXX_LANGUAGE_STANDARD = "gnu++0x";
				CLANG_CXX_LIBRARY = "libc++";
				CLANG_ENABLE_MODULES = YES;
				CLANG_ENABLE_OBJC_ARC = YES;
				CLANG_WARN_BOOL_CONVERSION = YES;
				CLANG_WARN_CONSTANT_CONVERSION = YES;
				CLANG_WARN_DIRECT_OBJC_ISA_USAGE = YES_ERROR;
				CLANG_WARN_EMPTY_BODY = YES;
				CLANG_WARN_ENUM_CONVERSION = YES;
				CLANG_WARN_INT_CONVERSION = YES;
				CLANG_WARN_OBJC_ROOT_CLASS = YES_ERROR;
				CLANG_WARN_UNREACHABLE_CODE = YES;
				CLANG_WARN__DUPLICATE_METHOD_MATCH = YES;
				"CODE_SIGN_IDENTITY[sdk=iphoneos*]" = "";
				COPY_PHASE_STRIP = YES;
				ENABLE_NS_ASSERTIONS = NO;
				ENABLE_STRICT_OBJC_MSGSEND = YES;
				GCC_C_LANGUAGE_STANDARD = gnu99;
				GCC_PRECOMPILE_PREFIX_HEADER = YES;
				GCC_PREFIX_HEADER = iPro/Prefix.pch;
				GCC_WARN_64_TO_32_BIT_CONVERSION = YES;
				GCC_WARN_ABOUT_RETURN_TYPE = YES_ERROR;
				GCC_WARN_UNDECLARED_SELECTOR = YES;
				GCC_WARN_UNINITIALIZED_AUTOS = YES_AGGRESSIVE;
				GCC_WARN_UNUSED_FUNCTION = YES;
				GCC_WARN_UNUSED_VARIABLE = YES;
				IPHONEOS_DEPLOYMENT_TARGET = 8.0;
				MTL_ENABLE_DEBUG_INFO = NO;
				SDKROOT = iphoneos;
				TARGETED_DEVICE_FAMILY = "1,2";
				VALIDATE_PRODUCT = YES;
			};
			name = Release;
		};
		7DF725F51A6F8CA000696A26 /* Debug */ = {
			isa = XCBuildConfiguration;
			buildSettings = {
				ASSETCATALOG_COMPILER_APPICON_NAME = AppIcon;
				CODE_SIGN_ENTITLEMENTS = "";
				CODE_SIGN_IDENTITY = "iPhone Developer";
				DEVELOPMENT_TEAM = MJ264WK7DL;
				INFOPLIST_FILE = iPro/Info.plist;
				LD_RUNPATH_SEARCH_PATHS = "$(inherited) @executable_path/Frameworks";
				LIBRARY_SEARCH_PATHS = (
					"$(inherited)",
					"$(PROJECT_DIR)/iPro/3rdParty/libjpeg-turbo/lib",
				);
				PRODUCT_BUNDLE_IDENTIFIER = "com.twotrees.$(PRODUCT_NAME:rfc1034identifier)";
				PRODUCT_NAME = "$(TARGET_NAME)";
				PROVISIONING_PROFILE = "";
			};
			name = Debug;
		};
		7DF725F61A6F8CA000696A26 /* Release */ = {
			isa = XCBuildConfiguration;
			buildSettings = {
				ASSETCATALOG_COMPILER_APPICON_NAME = AppIcon;
				CODE_SIGN_ENTITLEMENTS = "";
				CODE_SIGN_IDENTITY = "iPhone Developer";
				"CODE_SIGN_IDENTITY[sdk=iphoneos*]" = "iPhone Developer";
				DEVELOPMENT_TEAM = MJ264WK7DL;
				INFOPLIST_FILE = iPro/Info.plist;
				LD_RUNPATH_SEARCH_PATHS = "$(inherited) @executable_path/Frameworks";
				LIBRARY_SEARCH_PATHS = (
					"$(inherited)",
					"$(PROJECT_DIR)/iPro/3rdParty/libjpeg-turbo/lib",
				);
				PRODUCT_BUNDLE_IDENTIFIER = "com.twotrees.$(PRODUCT_NAME:rfc1034identifier)";
				PRODUCT_NAME = "$(TARGET_NAME)";
				PROVISIONING_PROFILE = "";
			};
			name = Release;
		};
/* End XCBuildConfiguration section */

/* Begin XCConfigurationList section */
		7DF725CC1A6F8CA000696A26 /* Build configuration list for PBXProject "iPro" */ = {
			isa = XCConfigurationList;
			buildConfigurations = (
				7DF725F21A6F8CA000696A26 /* Debug */,
				7DF725F31A6F8CA000696A26 /* Release */,
			);
			defaultConfigurationIsVisible = 0;
			defaultConfigurationName = Release;
		};
		7DF725F41A6F8CA000696A26 /* Build configuration list for PBXNativeTarget "iPro" */ = {
			isa = XCConfigurationList;
			buildConfigurations = (
				7DF725F51A6F8CA000696A26 /* Debug */,
				7DF725F61A6F8CA000696A26 /* Release */,
			);
			defaultConfigurationIsVisible = 0;
			defaultConfigurationName = Release;
		};
/* End XCConfigurationList section */
	};
	rootObject = 7DF725C91A6F8CA000696A26 /* Project object */;
}
